
Microsoft Visual Studio Solution File, Format Version 12.00
# Visual Studio Version 17
VisualStudioVersion = 17.4.33110.190
MinimumVisualStudioVersion = 10.0.40219.1
Project("{FAE04EC0-301F-11D3-BF4B-00C04F79EFBC}") = "Unicode Converter plus", "Unicode Converter plus.csproj", "{6ED300E2-A52D-4C25-AAE2-75DB233EA930}"
EndProject
Global
	GlobalSection(SolutionConfigurationPlatforms) = preSolution
		Debug|Any CPU = Debug|Any CPU
		Release|Any CPU = Release|Any CPU
	EndGlobalSection
	GlobalSection(ProjectConfigurationPlatforms) = postSolution
		{6ED300E2-A52D-4C25-AAE2-75DB233EA930}.Debug|Any CPU.ActiveCfg = Debug|Any CPU
		{6ED300E2-A52D-4C25-AAE2-75DB233EA930}.Debug|Any CPU.Build.0 = Debug|Any CPU
		{6ED300E2-A52D-4C25-AAE2-75DB233EA930}.Release|Any CPU.ActiveCfg = Release|Any CPU
		{6ED300E2-A52D-4C25-AAE2-75DB233EA930}.Release|Any CPU.Build.0 = Release|Any CPU
	EndGlobalSection
	GlobalSection(SolutionProperties) = preSolution
		HideSolutionNode = FALSE
	EndGlobalSection
	GlobalSection(ExtensibilityGlobals) = postSolution
		SolutionGuid = {F7A36C28-AD65-49FD-B5E0-432BF7C0043F}
	EndGlobalSection
EndGlobal
